// !$*UTF8*$!
{
	archiveVersion = 1;
	classes = {
	};
	objectVersion = 48;
	objects = {

/* Begin PBXBuildFile section */
		42E00F93443E1AEF2157BEDE /* Pods_SXPForumUITests.framework in Frameworks */ = {isa = PBXBuildFile; fileRef = 1E2B0401E84E2CCA8C42A943 /* Pods_SXPForumUITests.framework */; };
		837C8D913D8548899B98CDBA /* Pods_SXPForum.framework in Frameworks */ = {isa = PBXBuildFile; fileRef = 98E27FDFDFB8095FFE50FE74 /* Pods_SXPForum.framework */; };
		C10A242020075174005327F4 /* AppDelegate.swift in Sources */ = {isa = PBXBuildFile; fileRef = C10A241F20075174005327F4 /* AppDelegate.swift */; };
		C10A242220075174005327F4 /* ViewController.swift in Sources */ = {isa = PBXBuildFile; fileRef = C10A242120075174005327F4 /* ViewController.swift */; };
		C10A242520075174005327F4 /* Main.storyboard in Resources */ = {isa = PBXBuildFile; fileRef = C10A242320075174005327F4 /* Main.storyboard */; };
		C10A243520075174005327F4 /* SXPForumTests.swift in Sources */ = {isa = PBXBuildFile; fileRef = C10A243420075174005327F4 /* SXPForumTests.swift */; };
		C10A244020075175005327F4 /* SXPForumUITests.swift in Sources */ = {isa = PBXBuildFile; fileRef = C10A243F20075175005327F4 /* SXPForumUITests.swift */; };
		C1E363452018203E001AA8F3 /* Assets.xcassets in Resources */ = {isa = PBXBuildFile; fileRef = C1E363442018203E001AA8F3 /* Assets.xcassets */; };
		C1E5466B200DF5A30040DCD0 /* AppDelegate+init.swift in Sources */ = {isa = PBXBuildFile; fileRef = C1E5466A200DF5A30040DCD0 /* AppDelegate+init.swift */; };
		D64B1882A02BA1BED80E11F4 /* Pods_SXPForumTests.framework in Frameworks */ = {isa = PBXBuildFile; fileRef = 4F74FFB2078B0B24A3B78206 /* Pods_SXPForumTests.framework */; };
/* End PBXBuildFile section */

/* Begin PBXContainerItemProxy section */
		C10A243120075174005327F4 /* PBXContainerItemProxy */ = {
			isa = PBXContainerItemProxy;
			containerPortal = C10A241420075174005327F4 /* Project object */;
			proxyType = 1;
			remoteGlobalIDString = C10A241B20075174005327F4;
			remoteInfo = SXPForum;
		};
		C10A243C20075175005327F4 /* PBXContainerItemProxy */ = {
			isa = PBXContainerItemProxy;
			containerPortal = C10A241420075174005327F4 /* Project object */;
			proxyType = 1;
			remoteGlobalIDString = C10A241B20075174005327F4;
			remoteInfo = SXPForum;
		};
/* End PBXContainerItemProxy section */

/* Begin PBXFileReference section */
		1E2B0401E84E2CCA8C42A943 /* Pods_SXPForumUITests.framework */ = {isa = PBXFileReference; explicitFileType = wrapper.framework; includeInIndex = 0; path = Pods_SXPForumUITests.framework; sourceTree = BUILT_PRODUCTS_DIR; };
		436A27EEAFF7B2CAF06D345F /* Pods-SXPForum.debug.xcconfig */ = {isa = PBXFileReference; includeInIndex = 1; lastKnownFileType = text.xcconfig; name = "Pods-SXPForum.debug.xcconfig"; path = "Pods/Target Support Files/Pods-SXPForum/Pods-SXPForum.debug.xcconfig"; sourceTree = "<group>"; };
		4DDAB6FFE770A8438214A42D /* Pods-SXPForumTests.debug.xcconfig */ = {isa = PBXFileReference; includeInIndex = 1; lastKnownFileType = text.xcconfig; name = "Pods-SXPForumTests.debug.xcconfig"; path = "Pods/Target Support Files/Pods-SXPForumTests/Pods-SXPForumTests.debug.xcconfig"; sourceTree = "<group>"; };
		4F74FFB2078B0B24A3B78206 /* Pods_SXPForumTests.framework */ = {isa = PBXFileReference; explicitFileType = wrapper.framework; includeInIndex = 0; path = Pods_SXPForumTests.framework; sourceTree = BUILT_PRODUCTS_DIR; };
		6261EB7532CF3272015E9CA1 /* Pods-SXPForumTests.release.xcconfig */ = {isa = PBXFileReference; includeInIndex = 1; lastKnownFileType = text.xcconfig; name = "Pods-SXPForumTests.release.xcconfig"; path = "Pods/Target Support Files/Pods-SXPForumTests/Pods-SXPForumTests.release.xcconfig"; sourceTree = "<group>"; };
		6C1EC18FA1FD19FFC0CD2D56 /* Pods-SXPForumUITests.release.xcconfig */ = {isa = PBXFileReference; includeInIndex = 1; lastKnownFileType = text.xcconfig; name = "Pods-SXPForumUITests.release.xcconfig"; path = "Pods/Target Support Files/Pods-SXPForumUITests/Pods-SXPForumUITests.release.xcconfig"; sourceTree = "<group>"; };
		98E27FDFDFB8095FFE50FE74 /* Pods_SXPForum.framework */ = {isa = PBXFileReference; explicitFileType = wrapper.framework; includeInIndex = 0; path = Pods_SXPForum.framework; sourceTree = BUILT_PRODUCTS_DIR; };
		C10A241C20075174005327F4 /* SXPForum.app */ = {isa = PBXFileReference; explicitFileType = wrapper.application; includeInIndex = 0; path = SXPForum.app; sourceTree = BUILT_PRODUCTS_DIR; };
		C10A241F20075174005327F4 /* AppDelegate.swift */ = {isa = PBXFileReference; lastKnownFileType = sourcecode.swift; path = AppDelegate.swift; sourceTree = "<group>"; };
		C10A242120075174005327F4 /* ViewController.swift */ = {isa = PBXFileReference; lastKnownFileType = sourcecode.swift; path = ViewController.swift; sourceTree = "<group>"; };
		C10A242420075174005327F4 /* Base */ = {isa = PBXFileReference; lastKnownFileType = file.storyboard; name = Base; path = Base.lproj/Main.storyboard; sourceTree = "<group>"; };
		C10A242B20075174005327F4 /* Info.plist */ = {isa = PBXFileReference; lastKnownFileType = text.plist.xml; path = Info.plist; sourceTree = "<group>"; };
		C10A243020075174005327F4 /* SXPForumTests.xctest */ = {isa = PBXFileReference; explicitFileType = wrapper.cfbundle; includeInIndex = 0; path = SXPForumTests.xctest; sourceTree = BUILT_PRODUCTS_DIR; };
		C10A243420075174005327F4 /* SXPForumTests.swift */ = {isa = PBXFileReference; lastKnownFileType = sourcecode.swift; path = SXPForumTests.swift; sourceTree = "<group>"; };
		C10A243620075174005327F4 /* Info.plist */ = {isa = PBXFileReference; lastKnownFileType = text.plist.xml; path = Info.plist; sourceTree = "<group>"; };
		C10A243B20075174005327F4 /* SXPForumUITests.xctest */ = {isa = PBXFileReference; explicitFileType = wrapper.cfbundle; includeInIndex = 0; path = SXPForumUITests.xctest; sourceTree = BUILT_PRODUCTS_DIR; };
		C10A243F20075175005327F4 /* SXPForumUITests.swift */ = {isa = PBXFileReference; lastKnownFileType = sourcecode.swift; path = SXPForumUITests.swift; sourceTree = "<group>"; };
		C10A244120075175005327F4 /* Info.plist */ = {isa = PBXFileReference; lastKnownFileType = text.plist.xml; path = Info.plist; sourceTree = "<group>"; };
		C1E363442018203E001AA8F3 /* Assets.xcassets */ = {isa = PBXFileReference; lastKnownFileType = folder.assetcatalog; path = Assets.xcassets; sourceTree = "<group>"; };
		C1E5466A200DF5A30040DCD0 /* AppDelegate+init.swift */ = {isa = PBXFileReference; lastKnownFileType = sourcecode.swift; path = "AppDelegate+init.swift"; sourceTree = "<group>"; };
		C1F18DBF200D9C74003BD933 /* SXPForum-Bridging-Header.h */ = {isa = PBXFileReference; lastKnownFileType = sourcecode.c.h; path = "SXPForum-Bridging-Header.h"; sourceTree = "<group>"; };
		EF47F897251334A26A0E8CF8 /* Pods-SXPForumUITests.debug.xcconfig */ = {isa = PBXFileReference; includeInIndex = 1; lastKnownFileType = text.xcconfig; name = "Pods-SXPForumUITests.debug.xcconfig"; path = "Pods/Target Support Files/Pods-SXPForumUITests/Pods-SXPForumUITests.debug.xcconfig"; sourceTree = "<group>"; };
		FE38F668E67BC469470ABA50 /* Pods-SXPForum.release.xcconfig */ = {isa = PBXFileReference; includeInIndex = 1; lastKnownFileType = text.xcconfig; name = "Pods-SXPForum.release.xcconfig"; path = "Pods/Target Support Files/Pods-SXPForum/Pods-SXPForum.release.xcconfig"; sourceTree = "<group>"; };
/* End PBXFileReference section */

/* Begin PBXFrameworksBuildPhase section */
		C10A241920075174005327F4 /* Frameworks */ = {
			isa = PBXFrameworksBuildPhase;
			buildActionMask = 2147483647;
			files = (
				837C8D913D8548899B98CDBA /* Pods_SXPForum.framework in Frameworks */,
			);
			runOnlyForDeploymentPostprocessing = 0;
		};
		C10A242D20075174005327F4 /* Frameworks */ = {
			isa = PBXFrameworksBuildPhase;
			buildActionMask = 2147483647;
			files = (
				D64B1882A02BA1BED80E11F4 /* Pods_SXPForumTests.framework in Frameworks */,
			);
			runOnlyForDeploymentPostprocessing = 0;
		};
		C10A243820075174005327F4 /* Frameworks */ = {
			isa = PBXFrameworksBuildPhase;
			buildActionMask = 2147483647;
			files = (
				42E00F93443E1AEF2157BEDE /* Pods_SXPForumUITests.framework in Frameworks */,
			);
			runOnlyForDeploymentPostprocessing = 0;
		};
/* End PBXFrameworksBuildPhase section */

/* Begin PBXGroup section */
		11D72F29AA5BA1A19BAA3787 /* Frameworks */ = {
			isa = PBXGroup;
			children = (
				98E27FDFDFB8095FFE50FE74 /* Pods_SXPForum.framework */,
				4F74FFB2078B0B24A3B78206 /* Pods_SXPForumTests.framework */,
				1E2B0401E84E2CCA8C42A943 /* Pods_SXPForumUITests.framework */,
			);
			name = Frameworks;
			sourceTree = "<group>";
		};
		556527D9BB04A4B45BCD3B80 /* Pods */ = {
			isa = PBXGroup;
			children = (
				436A27EEAFF7B2CAF06D345F /* Pods-SXPForum.debug.xcconfig */,
				FE38F668E67BC469470ABA50 /* Pods-SXPForum.release.xcconfig */,
				4DDAB6FFE770A8438214A42D /* Pods-SXPForumTests.debug.xcconfig */,
				6261EB7532CF3272015E9CA1 /* Pods-SXPForumTests.release.xcconfig */,
				EF47F897251334A26A0E8CF8 /* Pods-SXPForumUITests.debug.xcconfig */,
				6C1EC18FA1FD19FFC0CD2D56 /* Pods-SXPForumUITests.release.xcconfig */,
			);
			name = Pods;
			sourceTree = "<group>";
		};
		C10A241320075174005327F4 = {
			isa = PBXGroup;
			children = (
				C10A241E20075174005327F4 /* SXPForum */,
				C10A243320075174005327F4 /* SXPForumTests */,
				C10A243E20075175005327F4 /* SXPForumUITests */,
				C10A241D20075174005327F4 /* Products */,
				556527D9BB04A4B45BCD3B80 /* Pods */,
				11D72F29AA5BA1A19BAA3787 /* Frameworks */,
			);
			sourceTree = "<group>";
		};
		C10A241D20075174005327F4 /* Products */ = {
			isa = PBXGroup;
			children = (
				C10A241C20075174005327F4 /* SXPForum.app */,
				C10A243020075174005327F4 /* SXPForumTests.xctest */,
				C10A243B20075174005327F4 /* SXPForumUITests.xctest */,
			);
			name = Products;
			sourceTree = "<group>";
		};
		C10A241E20075174005327F4 /* SXPForum */ = {
			isa = PBXGroup;
			children = (
				C174EF8E20079F1C007E39A8 /* Classes */,
				C174EF9320079F7F007E39A8 /* Resource */,
				C174EF9220079F5C007E39A8 /* Stroyboad */,
				C174EF9120079F4E007E39A8 /* AppDelegate */,
				C174EF9020079F43007E39A8 /* Main */,
				C174EF8F20079F2E007E39A8 /* Base */,
			);
			path = SXPForum;
			sourceTree = "<group>";
		};
		C10A243320075174005327F4 /* SXPForumTests */ = {
			isa = PBXGroup;
			children = (
				C10A243420075174005327F4 /* SXPForumTests.swift */,
				C10A243620075174005327F4 /* Info.plist */,
			);
			path = SXPForumTests;
			sourceTree = "<group>";
		};
		C10A243E20075175005327F4 /* SXPForumUITests */ = {
			isa = PBXGroup;
			children = (
				C10A243F20075175005327F4 /* SXPForumUITests.swift */,
				C10A244120075175005327F4 /* Info.plist */,
			);
			path = SXPForumUITests;
			sourceTree = "<group>";
		};
		C174EF8E20079F1C007E39A8 /* Classes */ = {
			isa = PBXGroup;
			children = (
				C10A242120075174005327F4 /* ViewController.swift */,
			);
			path = Classes;
			sourceTree = "<group>";
		};
		C174EF8F20079F2E007E39A8 /* Base */ = {
			isa = PBXGroup;
			children = (
				C1F18DBF200D9C74003BD933 /* SXPForum-Bridging-Header.h */,
			);
			path = Base;
			sourceTree = "<group>";
		};
		C174EF9020079F43007E39A8 /* Main */ = {
			isa = PBXGroup;
			children = (
			);
			path = Main;
			sourceTree = "<group>";
		};
		C174EF9120079F4E007E39A8 /* AppDelegate */ = {
			isa = PBXGroup;
			children = (
				C10A241F20075174005327F4 /* AppDelegate.swift */,
				C1E5466A200DF5A30040DCD0 /* AppDelegate+init.swift */,
				C10A242B20075174005327F4 /* Info.plist */,
			);
			path = AppDelegate;
			sourceTree = "<group>";
		};
		C174EF9220079F5C007E39A8 /* Stroyboad */ = {
			isa = PBXGroup;
			children = (
				C10A242320075174005327F4 /* Main.storyboard */,
			);
			path = Stroyboad;
			sourceTree = "<group>";
		};
		C174EF9320079F7F007E39A8 /* Resource */ = {
			isa = PBXGroup;
			children = (
				C1E363442018203E001AA8F3 /* Assets.xcassets */,
			);
			path = Resource;
			sourceTree = "<group>";
		};
/* End PBXGroup section */

/* Begin PBXNativeTarget section */
		C10A241B20075174005327F4 /* SXPForum */ = {
			isa = PBXNativeTarget;
			buildConfigurationList = C10A244420075175005327F4 /* Build configuration list for PBXNativeTarget "SXPForum" */;
			buildPhases = (
				6AF85D8CA0D4270CF28E1A2A /* [CP] Check Pods Manifest.lock */,
				C10A241820075174005327F4 /* Sources */,
				C10A241920075174005327F4 /* Frameworks */,
				C10A241A20075174005327F4 /* Resources */,
				97927722221762FDAD405CFC /* [CP] Embed Pods Frameworks */,
				0E085CCE161791E5BE2F66C6 /* [CP] Copy Pods Resources */,
			);
			buildRules = (
			);
			dependencies = (
			);
			name = SXPForum;
			productName = SXPForum;
			productReference = C10A241C20075174005327F4 /* SXPForum.app */;
			productType = "com.apple.product-type.application";
		};
		C10A242F20075174005327F4 /* SXPForumTests */ = {
			isa = PBXNativeTarget;
			buildConfigurationList = C10A244720075175005327F4 /* Build configuration list for PBXNativeTarget "SXPForumTests" */;
			buildPhases = (
				1685A2526BA903ADCE1CB6CE /* [CP] Check Pods Manifest.lock */,
				C10A242C20075174005327F4 /* Sources */,
				C10A242D20075174005327F4 /* Frameworks */,
				C10A242E20075174005327F4 /* Resources */,
				DFB7B5825EE624DB239769B4 /* [CP] Embed Pods Frameworks */,
				2DAE36253293171B3C0F887C /* [CP] Copy Pods Resources */,
			);
			buildRules = (
			);
			dependencies = (
				C10A243220075174005327F4 /* PBXTargetDependency */,
			);
			name = SXPForumTests;
			productName = SXPForumTests;
			productReference = C10A243020075174005327F4 /* SXPForumTests.xctest */;
			productType = "com.apple.product-type.bundle.unit-test";
		};
		C10A243A20075174005327F4 /* SXPForumUITests */ = {
			isa = PBXNativeTarget;
			buildConfigurationList = C10A244A20075175005327F4 /* Build configuration list for PBXNativeTarget "SXPForumUITests" */;
			buildPhases = (
				EF9645FF7FB1F6834A6D3F1B /* [CP] Check Pods Manifest.lock */,
				C10A243720075174005327F4 /* Sources */,
				C10A243820075174005327F4 /* Frameworks */,
				C10A243920075174005327F4 /* Resources */,
				8A0C45C29900BE88434399C1 /* [CP] Embed Pods Frameworks */,
				5C6701344CB7DD31461B4C9E /* [CP] Copy Pods Resources */,
			);
			buildRules = (
			);
			dependencies = (
				C10A243D20075175005327F4 /* PBXTargetDependency */,
			);
			name = SXPForumUITests;
			productName = SXPForumUITests;
			productReference = C10A243B20075174005327F4 /* SXPForumUITests.xctest */;
			productType = "com.apple.product-type.bundle.ui-testing";
		};
/* End PBXNativeTarget section */

/* Begin PBXProject section */
		C10A241420075174005327F4 /* Project object */ = {
			isa = PBXProject;
			attributes = {
				LastSwiftUpdateCheck = 0910;
				LastUpgradeCheck = 0910;
				ORGANIZATIONNAME = lin;
				TargetAttributes = {
					C10A241B20075174005327F4 = {
						CreatedOnToolsVersion = 9.1;
						LastSwiftMigration = 0910;
						ProvisioningStyle = Automatic;
					};
					C10A242F20075174005327F4 = {
						CreatedOnToolsVersion = 9.1;
						ProvisioningStyle = Automatic;
						TestTargetID = C10A241B20075174005327F4;
					};
					C10A243A20075174005327F4 = {
						CreatedOnToolsVersion = 9.1;
						ProvisioningStyle = Automatic;
						TestTargetID = C10A241B20075174005327F4;
					};
				};
			};
			buildConfigurationList = C10A241720075174005327F4 /* Build configuration list for PBXProject "SXPForum" */;
			compatibilityVersion = "Xcode 8.0";
			developmentRegion = en;
			hasScannedForEncodings = 0;
			knownRegions = (
				en,
				Base,
			);
			mainGroup = C10A241320075174005327F4;
			productRefGroup = C10A241D20075174005327F4 /* Products */;
			projectDirPath = "";
			projectRoot = "";
			targets = (
				C10A241B20075174005327F4 /* SXPForum */,
				C10A242F20075174005327F4 /* SXPForumTests */,
				C10A243A20075174005327F4 /* SXPForumUITests */,
			);
		};
/* End PBXProject section */

/* Begin PBXResourcesBuildPhase section */
		C10A241A20075174005327F4 /* Resources */ = {
			isa = PBXResourcesBuildPhase;
			buildActionMask = 2147483647;
			files = (
				C1E363452018203E001AA8F3 /* Assets.xcassets in Resources */,
				C10A242520075174005327F4 /* Main.storyboard in Resources */,
			);
			runOnlyForDeploymentPostprocessing = 0;
		};
		C10A242E20075174005327F4 /* Resources */ = {
			isa = PBXResourcesBuildPhase;
			buildActionMask = 2147483647;
			files = (
			);
			runOnlyForDeploymentPostprocessing = 0;
		};
		C10A243920075174005327F4 /* Resources */ = {
			isa = PBXResourcesBuildPhase;
			buildActionMask = 2147483647;
			files = (
			);
			runOnlyForDeploymentPostprocessing = 0;
		};
/* End PBXResourcesBuildPhase section */

/* Begin PBXShellScriptBuildPhase section */
		0E085CCE161791E5BE2F66C6 /* [CP] Copy Pods Resources */ = {
			isa = PBXShellScriptBuildPhase;
			buildActionMask = 2147483647;
			files = (
			);
			inputPaths = (
			);
			name = "[CP] Copy Pods Resources";
			outputPaths = (
			);
			runOnlyForDeploymentPostprocessing = 0;
			shellPath = /bin/sh;
			shellScript = "\"${SRCROOT}/Pods/Target Support Files/Pods-SXPForum/Pods-SXPForum-resources.sh\"\n";
			showEnvVarsInLog = 0;
		};
		1685A2526BA903ADCE1CB6CE /* [CP] Check Pods Manifest.lock */ = {
			isa = PBXShellScriptBuildPhase;
			buildActionMask = 2147483647;
			files = (
			);
			inputPaths = (
				"${PODS_PODFILE_DIR_PATH}/Podfile.lock",
				"${PODS_ROOT}/Manifest.lock",
			);
			name = "[CP] Check Pods Manifest.lock";
			outputPaths = (
				"$(DERIVED_FILE_DIR)/Pods-SXPForumTests-checkManifestLockResult.txt",
			);
			runOnlyForDeploymentPostprocessing = 0;
			shellPath = /bin/sh;
			shellScript = "diff \"${PODS_PODFILE_DIR_PATH}/Podfile.lock\" \"${PODS_ROOT}/Manifest.lock\" > /dev/null\nif [ $? != 0 ] ; then\n    # print error to STDERR\n    echo \"error: The sandbox is not in sync with the Podfile.lock. Run 'pod install' or update your CocoaPods installation.\" >&2\n    exit 1\nfi\n# This output is used by Xcode 'outputs' to avoid re-running this script phase.\necho \"SUCCESS\" > \"${SCRIPT_OUTPUT_FILE_0}\"\n";
			showEnvVarsInLog = 0;
		};
		2DAE36253293171B3C0F887C /* [CP] Copy Pods Resources */ = {
			isa = PBXShellScriptBuildPhase;
			buildActionMask = 2147483647;
			files = (
			);
			inputPaths = (
			);
			name = "[CP] Copy Pods Resources";
			outputPaths = (
			);
			runOnlyForDeploymentPostprocessing = 0;
			shellPath = /bin/sh;
			shellScript = "\"${SRCROOT}/Pods/Target Support Files/Pods-SXPForumTests/Pods-SXPForumTests-resources.sh\"\n";
			showEnvVarsInLog = 0;
		};
		5C6701344CB7DD31461B4C9E /* [CP] Copy Pods Resources */ = {
			isa = PBXShellScriptBuildPhase;
			buildActionMask = 2147483647;
			files = (
			);
			inputPaths = (
			);
			name = "[CP] Copy Pods Resources";
			outputPaths = (
			);
			runOnlyForDeploymentPostprocessing = 0;
			shellPath = /bin/sh;
			shellScript = "\"${SRCROOT}/Pods/Target Support Files/Pods-SXPForumUITests/Pods-SXPForumUITests-resources.sh\"\n";
			showEnvVarsInLog = 0;
		};
		6AF85D8CA0D4270CF28E1A2A /* [CP] Check Pods Manifest.lock */ = {
			isa = PBXShellScriptBuildPhase;
			buildActionMask = 2147483647;
			files = (
			);
			inputPaths = (
				"${PODS_PODFILE_DIR_PATH}/Podfile.lock",
				"${PODS_ROOT}/Manifest.lock",
			);
			name = "[CP] Check Pods Manifest.lock";
			outputPaths = (
				"$(DERIVED_FILE_DIR)/Pods-SXPForum-checkManifestLockResult.txt",
			);
			runOnlyForDeploymentPostprocessing = 0;
			shellPath = /bin/sh;
			shellScript = "diff \"${PODS_PODFILE_DIR_PATH}/Podfile.lock\" \"${PODS_ROOT}/Manifest.lock\" > /dev/null\nif [ $? != 0 ] ; then\n    # print error to STDERR\n    echo \"error: The sandbox is not in sync with the Podfile.lock. Run 'pod install' or update your CocoaPods installation.\" >&2\n    exit 1\nfi\n# This output is used by Xcode 'outputs' to avoid re-running this script phase.\necho \"SUCCESS\" > \"${SCRIPT_OUTPUT_FILE_0}\"\n";
			showEnvVarsInLog = 0;
		};
		8A0C45C29900BE88434399C1 /* [CP] Embed Pods Frameworks */ = {
			isa = PBXShellScriptBuildPhase;
			buildActionMask = 2147483647;
			files = (
			);
			inputPaths = (
			);
			name = "[CP] Embed Pods Frameworks";
			outputPaths = (
			);
			runOnlyForDeploymentPostprocessing = 0;
			shellPath = /bin/sh;
			shellScript = "\"${SRCROOT}/Pods/Target Support Files/Pods-SXPForumUITests/Pods-SXPForumUITests-frameworks.sh\"\n";
			showEnvVarsInLog = 0;
		};
		97927722221762FDAD405CFC /* [CP] Embed Pods Frameworks */ = {
			isa = PBXShellScriptBuildPhase;
			buildActionMask = 2147483647;
			files = (
			);
			inputPaths = (
				"${SRCROOT}/Pods/Target Support Files/Pods-SXPForum/Pods-SXPForum-frameworks.sh",
				"${BUILT_PRODUCTS_DIR}/Alamofire/Alamofire.framework",
				"${BUILT_PRODUCTS_DIR}/LeanCloud/LeanCloud.framework",
			);
			name = "[CP] Embed Pods Frameworks";
			outputPaths = (
				"${TARGET_BUILD_DIR}/${FRAMEWORKS_FOLDER_PATH}/Alamofire.framework",
				"${TARGET_BUILD_DIR}/${FRAMEWORKS_FOLDER_PATH}/LeanCloud.framework",
			);
			runOnlyForDeploymentPostprocessing = 0;
			shellPath = /bin/sh;
			shellScript = "\"${SRCROOT}/Pods/Target Support Files/Pods-SXPForum/Pods-SXPForum-frameworks.sh\"\n";
			showEnvVarsInLog = 0;
		};
		DFB7B5825EE624DB239769B4 /* [CP] Embed Pods Frameworks */ = {
			isa = PBXShellScriptBuildPhase;
			buildActionMask = 2147483647;
			files = (
			);
			inputPaths = (
			);
			name = "[CP] Embed Pods Frameworks";
			outputPaths = (
			);
			runOnlyForDeploymentPostprocessing = 0;
			shellPath = /bin/sh;
			shellScript = "\"${SRCROOT}/Pods/Target Support Files/Pods-SXPForumTests/Pods-SXPForumTests-frameworks.sh\"\n";
			showEnvVarsInLog = 0;
		};
		EF9645FF7FB1F6834A6D3F1B /* [CP] Check Pods Manifest.lock */ = {
			isa = PBXShellScriptBuildPhase;
			buildActionMask = 2147483647;
			files = (
			);
			inputPaths = (
				"${PODS_PODFILE_DIR_PATH}/Podfile.lock",
				"${PODS_ROOT}/Manifest.lock",
			);
			name = "[CP] Check Pods Manifest.lock";
			outputPaths = (
				"$(DERIVED_FILE_DIR)/Pods-SXPForumUITests-checkManifestLockResult.txt",
			);
			runOnlyForDeploymentPostprocessing = 0;
			shellPath = /bin/sh;
			shellScript = "diff \"${PODS_PODFILE_DIR_PATH}/Podfile.lock\" \"${PODS_ROOT}/Manifest.lock\" > /dev/null\nif [ $? != 0 ] ; then\n    # print error to STDERR\n    echo \"error: The sandbox is not in sync with the Podfile.lock. Run 'pod install' or update your CocoaPods installation.\" >&2\n    exit 1\nfi\n# This output is used by Xcode 'outputs' to avoid re-running this script phase.\necho \"SUCCESS\" > \"${SCRIPT_OUTPUT_FILE_0}\"\n";
			showEnvVarsInLog = 0;
		};
/* End PBXShellScriptBuildPhase section */

/* Begin PBXSourcesBuildPhase section */
		C10A241820075174005327F4 /* Sources */ = {
			isa = PBXSourcesBuildPhase;
			buildActionMask = 2147483647;
			files = (
				C10A242220075174005327F4 /* ViewController.swift in Sources */,
				C10A242020075174005327F4 /* AppDelegate.swift in Sources */,
				C1E5466B200DF5A30040DCD0 /* AppDelegate+init.swift in Sources */,
			);
			runOnlyForDeploymentPostprocessing = 0;
		};
		C10A242C20075174005327F4 /* Sources */ = {
			isa = PBXSourcesBuildPhase;
			buildActionMask = 2147483647;
			files = (
				C10A243520075174005327F4 /* SXPForumTests.swift in Sources */,
			);
			runOnlyForDeploymentPostprocessing = 0;
		};
		C10A243720075174005327F4 /* Sources */ = {
			isa = PBXSourcesBuildPhase;
			buildActionMask = 2147483647;
			files = (
				C10A244020075175005327F4 /* SXPForumUITests.swift in Sources */,
			);
			runOnlyForDeploymentPostprocessing = 0;
		};
/* End PBXSourcesBuildPhase section */

/* Begin PBXTargetDependency section */
		C10A243220075174005327F4 /* PBXTargetDependency */ = {
			isa = PBXTargetDependency;
			target = C10A241B20075174005327F4 /* SXPForum */;
			targetProxy = C10A243120075174005327F4 /* PBXContainerItemProxy */;
		};
		C10A243D20075175005327F4 /* PBXTargetDependency */ = {
			isa = PBXTargetDependency;
			target = C10A241B20075174005327F4 /* SXPForum */;
			targetProxy = C10A243C20075175005327F4 /* PBXContainerItemProxy */;
		};
/* End PBXTargetDependency section */

/* Begin PBXVariantGroup section */
		C10A242320075174005327F4 /* Main.storyboard */ = {
			isa = PBXVariantGroup;
			children = (
				C10A242420075174005327F4 /* Base */,
			);
			name = Main.storyboard;
			sourceTree = "<group>";
		};
/* End PBXVariantGroup section */

/* Begin XCBuildConfiguration section */
		C10A244220075175005327F4 /* Debug */ = {
			isa = XCBuildConfiguration;
			buildSettings = {
				ALWAYS_SEARCH_USER_PATHS = NO;
				CLANG_ANALYZER_NONNULL = YES;
				CLANG_ANALYZER_NUMBER_OBJECT_CONVERSION = YES_AGGRESSIVE;
				CLANG_CXX_LANGUAGE_STANDARD = "gnu++14";
				CLANG_CXX_LIBRARY = "libc++";
				CLANG_ENABLE_MODULES = YES;
				CLANG_ENABLE_OBJC_ARC = YES;
				CLANG_WARN_BLOCK_CAPTURE_AUTORELEASING = YES;
				CLANG_WARN_BOOL_CONVERSION = YES;
				CLANG_WARN_COMMA = YES;
				CLANG_WARN_CONSTANT_CONVERSION = YES;
				CLANG_WARN_DIRECT_OBJC_ISA_USAGE = YES_ERROR;
				CLANG_WARN_DOCUMENTATION_COMMENTS = YES;
				CLANG_WARN_EMPTY_BODY = YES;
				CLANG_WARN_ENUM_CONVERSION = YES;
				CLANG_WARN_INFINITE_RECURSION = YES;
				CLANG_WARN_INT_CONVERSION = YES;
				CLANG_WARN_NON_LITERAL_NULL_CONVERSION = YES;
				CLANG_WARN_OBJC_LITERAL_CONVERSION = YES;
				CLANG_WARN_OBJC_ROOT_CLASS = YES_ERROR;
				CLANG_WARN_RANGE_LOOP_ANALYSIS = YES;
				CLANG_WARN_STRICT_PROTOTYPES = YES;
				CLANG_WARN_SUSPICIOUS_MOVE = YES;
				CLANG_WARN_UNGUARDED_AVAILABILITY = YES_AGGRESSIVE;
				CLANG_WARN_UNREACHABLE_CODE = YES;
				CLANG_WARN__DUPLICATE_METHOD_MATCH = YES;
				CODE_SIGN_IDENTITY = "iPhone Developer";
				COPY_PHASE_STRIP = NO;
				DEBUG_INFORMATION_FORMAT = dwarf;
				ENABLE_STRICT_OBJC_MSGSEND = YES;
				ENABLE_TESTABILITY = YES;
				GCC_C_LANGUAGE_STANDARD = gnu11;
				GCC_DYNAMIC_NO_PIC = NO;
				GCC_NO_COMMON_BLOCKS = YES;
				GCC_OPTIMIZATION_LEVEL = 0;
				GCC_PREPROCESSOR_DEFINITIONS = (
					"DEBUG=1",
					"$(inherited)",
				);
				GCC_WARN_64_TO_32_BIT_CONVERSION = YES;
				GCC_WARN_ABOUT_RETURN_TYPE = YES_ERROR;
				GCC_WARN_UNDECLARED_SELECTOR = YES;
				GCC_WARN_UNINITIALIZED_AUTOS = YES_AGGRESSIVE;
				GCC_WARN_UNUSED_FUNCTION = YES;
				GCC_WARN_UNUSED_VARIABLE = YES;
				IPHONEOS_DEPLOYMENT_TARGET = 11.1;
				MTL_ENABLE_DEBUG_INFO = YES;
				ONLY_ACTIVE_ARCH = YES;
				SDKROOT = iphoneos;
				SWIFT_ACTIVE_COMPILATION_CONDITIONS = DEBUG;
				SWIFT_OPTIMIZATION_LEVEL = "-Onone";
			};
			name = Debug;
		};
		C10A244320075175005327F4 /* Release */ = {
			isa = XCBuildConfiguration;
			buildSettings = {
				ALWAYS_SEARCH_USER_PATHS = NO;
				CLANG_ANALYZER_NONNULL = YES;
				CLANG_ANALYZER_NUMBER_OBJECT_CONVERSION = YES_AGGRESSIVE;
				CLANG_CXX_LANGUAGE_STANDARD = "gnu++14";
				CLANG_CXX_LIBRARY = "libc++";
				CLANG_ENABLE_MODULES = YES;
				CLANG_ENABLE_OBJC_ARC = YES;
				CLANG_WARN_BLOCK_CAPTURE_AUTORELEASING = YES;
				CLANG_WARN_BOOL_CONVERSION = YES;
				CLANG_WARN_COMMA = YES;
				CLANG_WARN_CONSTANT_CONVERSION = YES;
				CLANG_WARN_DIRECT_OBJC_ISA_USAGE = YES_ERROR;
				CLANG_WARN_DOCUMENTATION_COMMENTS = YES;
				CLANG_WARN_EMPTY_BODY = YES;
				CLANG_WARN_ENUM_CONVERSION = YES;
				CLANG_WARN_INFINITE_RECURSION = YES;
				CLANG_WARN_INT_CONVERSION = YES;
				CLANG_WARN_NON_LITERAL_NULL_CONVERSION = YES;
				CLANG_WARN_OBJC_LITERAL_CONVERSION = YES;
				CLANG_WARN_OBJC_ROOT_CLASS = YES_ERROR;
				CLANG_WARN_RANGE_LOOP_ANALYSIS = YES;
				CLANG_WARN_STRICT_PROTOTYPES = YES;
				CLANG_WARN_SUSPICIOUS_MOVE = YES;
				CLANG_WARN_UNGUARDED_AVAILABILITY = YES_AGGRESSIVE;
				CLANG_WARN_UNREACHABLE_CODE = YES;
				CLANG_WARN__DUPLICATE_METHOD_MATCH = YES;
				CODE_SIGN_IDENTITY = "iPhone Developer";
				COPY_PHASE_STRIP = NO;
				DEBUG_INFORMATION_FORMAT = "dwarf-with-dsym";
				ENABLE_NS_ASSERTIONS = NO;
				ENABLE_STRICT_OBJC_MSGSEND = YES;
				GCC_C_LANGUAGE_STANDARD = gnu11;
				GCC_NO_COMMON_BLOCKS = YES;
				GCC_WARN_64_TO_32_BIT_CONVERSION = YES;
				GCC_WARN_ABOUT_RETURN_TYPE = YES_ERROR;
				GCC_WARN_UNDECLARED_SELECTOR = YES;
				GCC_WARN_UNINITIALIZED_AUTOS = YES_AGGRESSIVE;
				GCC_WARN_UNUSED_FUNCTION = YES;
				GCC_WARN_UNUSED_VARIABLE = YES;
				IPHONEOS_DEPLOYMENT_TARGET = 11.1;
				MTL_ENABLE_DEBUG_INFO = NO;
				SDKROOT = iphoneos;
				SWIFT_OPTIMIZATION_LEVEL = "-Owholemodule";
				VALIDATE_PRODUCT = YES;
			};
			name = Release;
		};
		C10A244520075175005327F4 /* Debug */ = {
			isa = XCBuildConfiguration;
			baseConfigurationReference = 436A27EEAFF7B2CAF06D345F /* Pods-SXPForum.debug.xcconfig */;
			buildSettings = {
				ASSETCATALOG_COMPILER_APPICON_NAME = AppIcon;
				ASSETCATALOG_COMPILER_LAUNCHIMAGE_NAME = LaunchImage;
				CLANG_ENABLE_MODULES = YES;
				CODE_SIGN_STYLE = Automatic;
				DEVELOPMENT_TEAM = R5QX2A2ZZB;
				INFOPLIST_FILE = SXPForum/AppDelegate/Info.plist;
				IPHONEOS_DEPLOYMENT_TARGET = 11.0;
				LD_RUNPATH_SEARCH_PATHS = "$(inherited) @executable_path/Frameworks";
				PRODUCT_BUNDLE_IDENTIFIER = com.rocfly.SXPForum;
				PRODUCT_NAME = "$(TARGET_NAME)";
				SWIFT_OBJC_BRIDGING_HEADER = "SXPForum/Base/SXPForum-Bridging-Header.h";
				SWIFT_OPTIMIZATION_LEVEL = "-Onone";
				SWIFT_VERSION = 4.0;
				TARGETED_DEVICE_FAMILY = 1;
			};
			name = Debug;
		};
		C10A244620075175005327F4 /* Release */ = {
			isa = XCBuildConfiguration;
			baseConfigurationReference = FE38F668E67BC469470ABA50 /* Pods-SXPForum.release.xcconfig */;
			buildSettings = {
				ASSETCATALOG_COMPILER_APPICON_NAME = AppIcon;
				ASSETCATALOG_COMPILER_LAUNCHIMAGE_NAME = LaunchImage;
				CLANG_ENABLE_MODULES = YES;
				CODE_SIGN_STYLE = Automatic;
				DEVELOPMENT_TEAM = R5QX2A2ZZB;
				INFOPLIST_FILE = SXPForum/AppDelegate/Info.plist;
				IPHONEOS_DEPLOYMENT_TARGET = 11.0;
				LD_RUNPATH_SEARCH_PATHS = "$(inherited) @executable_path/Frameworks";
				PRODUCT_BUNDLE_IDENTIFIER = com.rocfly.SXPForum;
				PRODUCT_NAME = "$(TARGET_NAME)";
				SWIFT_OBJC_BRIDGING_HEADER = "SXPForum/Base/SXPForum-Bridging-Header.h";
				SWIFT_VERSION = 4.0;
				TARGETED_DEVICE_FAMILY = 1;
			};
			name = Release;
		};
		C10A244820075175005327F4 /* Debug */ = {
			isa = XCBuildConfiguration;
			baseConfigurationReference = 4DDAB6FFE770A8438214A42D /* Pods-SXPForumTests.debug.xcconfig */;
			buildSettings = {
				ALWAYS_EMBED_SWIFT_STANDARD_LIBRARIES = YES;
				BUNDLE_LOADER = "$(TEST_HOST)";
				CODE_SIGN_STYLE = Automatic;
				DEVELOPMENT_TEAM = R5QX2A2ZZB;
				INFOPLIST_FILE = SXPForumTests/Info.plist;
				LD_RUNPATH_SEARCH_PATHS = "$(inherited) @executable_path/Frameworks @loader_path/Frameworks";
				PRODUCT_BUNDLE_IDENTIFIER = com.rocfly.SXPForumTests;
				PRODUCT_NAME = "$(TARGET_NAME)";
				SWIFT_VERSION = 4.0;
				TARGETED_DEVICE_FAMILY = "1,2";
				TEST_HOST = "$(BUILT_PRODUCTS_DIR)/SXPForum.app/SXPForum";
			};
			name = Debug;
		};
		C10A244920075175005327F4 /* Release */ = {
			isa = XCBuildConfiguration;
			baseConfigurationReference = 6261EB7532CF3272015E9CA1 /* Pods-SXPForumTests.release.xcconfig */;
			buildSettings = {
				ALWAYS_EMBED_SWIFT_STANDARD_LIBRARIES = YES;
				BUNDLE_LOADER = "$(TEST_HOST)";
				CODE_SIGN_STYLE = Automatic;
				DEVELOPMENT_TEAM = R5QX2A2ZZB;
				INFOPLIST_FILE = SXPForumTests/Info.plist;
				LD_RUNPATH_SEARCH_PATHS = "$(inherited) @executable_path/Frameworks @loader_path/Frameworks";
				PRODUCT_BUNDLE_IDENTIFIER = com.rocfly.SXPForumTests;
				PRODUCT_NAME = "$(TARGET_NAME)";
				SWIFT_VERSION = 4.0;
				TARGETED_DEVICE_FAMILY = "1,2";
				TEST_HOST = "$(BUILT_PRODUCTS_DIR)/SXPForum.app/SXPForum";
			};
			name = Release;
		};
		C10A244B20075175005327F4 /* Debug */ = {
			isa = XCBuildConfiguration;
			baseConfigurationReference = EF47F897251334A26A0E8CF8 /* Pods-SXPForumUITests.debug.xcconfig */;
			buildSettings = {
				ALWAYS_EMBED_SWIFT_STANDARD_LIBRARIES = YES;
				CODE_SIGN_STYLE = Automatic;
				DEVELOPMENT_TEAM = R5QX2A2ZZB;
				INFOPLIST_FILE = SXPForumUITests/Info.plist;
				LD_RUNPATH_SEARCH_PATHS = "$(inherited) @executable_path/Frameworks @loader_path/Frameworks";
				PRODUCT_BUNDLE_IDENTIFIER = com.rocfly.SXPForumUITests;
				PRODUCT_NAME = "$(TARGET_NAME)";
				SWIFT_VERSION = 4.0;
				TARGETED_DEVICE_FAMILY = "1,2";
				TEST_TARGET_NAME = SXPForum;
			};
			name = Debug;
		};
		C10A244C20075175005327F4 /* Release */ = {
			isa = XCBuildConfiguration;
			baseConfigurationReference = 6C1EC18FA1FD19FFC0CD2D56 /* Pods-SXPForumUITests.release.xcconfig */;
			buildSettings = {
				ALWAYS_EMBED_SWIFT_STANDARD_LIBRARIES = YES;
				CODE_SIGN_STYLE = Automatic;
				DEVELOPMENT_TEAM = R5QX2A2ZZB;
				INFOPLIST_FILE = SXPForumUITests/Info.plist;
				LD_RUNPATH_SEARCH_PATHS = "$(inherited) @executable_path/Frameworks @loader_path/Frameworks";
				PRODUCT_BUNDLE_IDENTIFIER = com.rocfly.SXPForumUITests;
				PRODUCT_NAME = "$(TARGET_NAME)";
				SWIFT_VERSION = 4.0;
				TARGETED_DEVICE_FAMILY = "1,2";
				TEST_TARGET_NAME = SXPForum;
			};
			name = Release;
		};
/* End XCBuildConfiguration section */

/* Begin XCConfigurationList section */
		C10A241720075174005327F4 /* Build configuration list for PBXProject "SXPForum" */ = {
			isa = XCConfigurationList;
			buildConfigurations = (
				C10A244220075175005327F4 /* Debug */,
				C10A244320075175005327F4 /* Release */,
			);
			defaultConfigurationIsVisible = 0;
			defaultConfigurationName = Release;
		};
		C10A244420075175005327F4 /* Build configuration list for PBXNativeTarget "SXPForum" */ = {
			isa = XCConfigurationList;
			buildConfigurations = (
				C10A244520075175005327F4 /* Debug */,
				C10A244620075175005327F4 /* Release */,
			);
			defaultConfigurationIsVisible = 0;
			defaultConfigurationName = Release;
		};
		C10A244720075175005327F4 /* Build configuration list for PBXNativeTarget "SXPForumTests" */ = {
			isa = XCConfigurationList;
			buildConfigurations = (
				C10A244820075175005327F4 /* Debug */,
				C10A244920075175005327F4 /* Release */,
			);
			defaultConfigurationIsVisible = 0;
			defaultConfigurationName = Release;
		};
		C10A244A20075175005327F4 /* Build configuration list for PBXNativeTarget "SXPForumUITests" */ = {
			isa = XCConfigurationList;
			buildConfigurations = (
				C10A244B20075175005327F4 /* Debug */,
				C10A244C20075175005327F4 /* Release */,
			);
			defaultConfigurationIsVisible = 0;
			defaultConfigurationName = Release;
		};
/* End XCConfigurationList section */
	};
	rootObject = C10A241420075174005327F4 /* Project object */;
}
